
Microsoft Visual Studio Solution File, Format Version 12.00
# Visual Studio 15
VisualStudioVersion = 15.0.28307.489
MinimumVisualStudioVersion = 10.0.40219.1
Project("{FAE04EC0-301F-11D3-BF4B-00C04F79EFBC}") = "QuestionarioProfFlavio", "QuestionarioProfFlavio\QuestionarioProfFlavio.csproj", "{F89C4C33-C450-4A01-B2A3-F47971175092}"
EndProject
Global
	GlobalSection(SolutionConfigurationPlatforms) = preSolution
		Debug|Any CPU = Debug|Any CPU
		Release|Any CPU = Release|Any CPU
	EndGlobalSection
	GlobalSection(ProjectConfigurationPlatforms) = postSolution
		{F89C4C33-C450-4A01-B2A3-F47971175092}.Debug|Any CPU.ActiveCfg = Debug|Any CPU
		{F89C4C33-C450-4A01-B2A3-F47971175092}.Debug|Any CPU.Build.0 = Debug|Any CPU
		{F89C4C33-C450-4A01-B2A3-F47971175092}.Release|Any CPU.ActiveCfg = Release|Any CPU
		{F89C4C33-C450-4A01-B2A3-F47971175092}.Release|Any CPU.Build.0 = Release|Any CPU
	EndGlobalSection
	GlobalSection(SolutionProperties) = preSolution
		HideSolutionNode = FALSE
	EndGlobalSection
	GlobalSection(ExtensibilityGlobals) = postSolution
		SolutionGuid = {B693ACE5-E316-49B7-A5C4-3031F7F35F6E}
	EndGlobalSection
EndGlobal
